
Microsoft Visual Studio Solution File, Format Version 12.00
# Visual Studio 15
VisualStudioVersion = 15.0.27130.2036
MinimumVisualStudioVersion = 10.0.40219.1
Project("{FAE04EC0-301F-11D3-BF4B-00C04F79EFBC}") = "OnlineGame.Android", "OnlineGame\OnlineGame.Android\OnlineGame.Android.csproj", "{C46DD230-EFC1-43F0-B7BB-0E39495AFE56}"
EndProject
Project("{FAE04EC0-301F-11D3-BF4B-00C04F79EFBC}") = "OnlineGame.iOS", "OnlineGame\OnlineGame.iOS\OnlineGame.iOS.csproj", "{AC9401CB-9A7C-4F9E-98A3-10FFC6EA15D7}"
EndProject
Project("{FAE04EC0-301F-11D3-BF4B-00C04F79EFBC}") = "OnlineGame.UWP", "OnlineGame\OnlineGame.UWP\OnlineGame.UWP.csproj", "{4D3069F0-7208-4129-96A6-17A0FFCEFA0B}"
EndProject
Project("{FAE04EC0-301F-11D3-BF4B-00C04F79EFBC}") = "OnlineGame", "OnlineGame\OnlineGame\OnlineGame.csproj", "{B94BBAC5-9AF4-4BE9-B078-06B4878E3A0F}"
EndProject
Global
	GlobalSection(SolutionConfigurationPlatforms) = preSolution
		Ad-Hoc|Any CPU = Ad-Hoc|Any CPU
		Ad-Hoc|ARM = Ad-Hoc|ARM
		Ad-Hoc|iPhone = Ad-Hoc|iPhone
		Ad-Hoc|iPhoneSimulator = Ad-Hoc|iPhoneSimulator
		Ad-Hoc|x64 = Ad-Hoc|x64
		Ad-Hoc|x86 = Ad-Hoc|x86
		AppStore|Any CPU = AppStore|Any CPU
		AppStore|ARM = AppStore|ARM
		AppStore|iPhone = AppStore|iPhone
		AppStore|iPhoneSimulator = AppStore|iPhoneSimulator
		AppStore|x64 = AppStore|x64
		AppStore|x86 = AppStore|x86
		Debug|Any CPU = Debug|Any CPU
		Debug|ARM = Debug|ARM
		Debug|iPhone = Debug|iPhone
		Debug|iPhoneSimulator = Debug|iPhoneSimulator
		Debug|x64 = Debug|x64
		Debug|x86 = Debug|x86
		Release|Any CPU = Release|Any CPU
		Release|ARM = Release|ARM
		Release|iPhone = Release|iPhone
		Release|iPhoneSimulator = Release|iPhoneSimulator
		Release|x64 = Release|x64
		Release|x86 = Release|x86
	EndGlobalSection
	GlobalSection(ProjectConfigurationPlatforms) = postSolution
		{C46DD230-EFC1-43F0-B7BB-0E39495AFE56}.Ad-Hoc|Any CPU.ActiveCfg = Release|Any CPU
		{C46DD230-EFC1-43F0-B7BB-0E39495AFE56}.Ad-Hoc|Any CPU.Build.0 = Release|Any CPU
		{C46DD230-EFC1-43F0-B7BB-0E39495AFE56}.Ad-Hoc|Any CPU.Deploy.0 = Release|Any CPU
		{C46DD230-EFC1-43F0-B7BB-0E39495AFE56}.Ad-Hoc|ARM.ActiveCfg = Release|Any CPU
		{C46DD230-EFC1-43F0-B7BB-0E39495AFE56}.Ad-Hoc|ARM.Build.0 = Release|Any CPU
		{C46DD230-EFC1-43F0-B7BB-0E39495AFE56}.Ad-Hoc|ARM.Deploy.0 = Release|Any CPU
		{C46DD230-EFC1-43F0-B7BB-0E39495AFE56}.Ad-Hoc|iPhone.ActiveCfg = Release|Any CPU
		{C46DD230-EFC1-43F0-B7BB-0E39495AFE56}.Ad-Hoc|iPhone.Build.0 = Release|Any CPU
		{C46DD230-EFC1-43F0-B7BB-0E39495AFE56}.Ad-Hoc|iPhone.Deploy.0 = Release|Any CPU
		{C46DD230-EFC1-43F0-B7BB-0E39495AFE56}.Ad-Hoc|iPhoneSimulator.ActiveCfg = Release|Any CPU
		{C46DD230-EFC1-43F0-B7BB-0E39495AFE56}.Ad-Hoc|iPhoneSimulator.Build.0 = Release|Any CPU
		{C46DD230-EFC1-43F0-B7BB-0E39495AFE56}.Ad-Hoc|iPhoneSimulator.Deploy.0 = Release|Any CPU
		{C46DD230-EFC1-43F0-B7BB-0E39495AFE56}.Ad-Hoc|x64.ActiveCfg = Release|Any CPU
		{C46DD230-EFC1-43F0-B7BB-0E39495AFE56}.Ad-Hoc|x64.Build.0 = Release|Any CPU
		{C46DD230-EFC1-43F0-B7BB-0E39495AFE56}.Ad-Hoc|x64.Deploy.0 = Release|Any CPU
		{C46DD230-EFC1-43F0-B7BB-0E39495AFE56}.Ad-Hoc|x86.ActiveCfg = Release|Any CPU
		{C46DD230-EFC1-43F0-B7BB-0E39495AFE56}.Ad-Hoc|x86.Build.0 = Release|Any CPU
		{C46DD230-EFC1-43F0-B7BB-0E39495AFE56}.Ad-Hoc|x86.Deploy.0 = Release|Any CPU
		{C46DD230-EFC1-43F0-B7BB-0E39495AFE56}.AppStore|Any CPU.ActiveCfg = Release|Any CPU
		{C46DD230-EFC1-43F0-B7BB-0E39495AFE56}.AppStore|Any CPU.Build.0 = Release|Any CPU
		{C46DD230-EFC1-43F0-B7BB-0E39495AFE56}.AppStore|Any CPU.Deploy.0 = Release|Any CPU
		{C46DD230-EFC1-43F0-B7BB-0E39495AFE56}.AppStore|ARM.ActiveCfg = Release|Any CPU
		{C46DD230-EFC1-43F0-B7BB-0E39495AFE56}.AppStore|ARM.Build.0 = Release|Any CPU
		{C46DD230-EFC1-43F0-B7BB-0E39495AFE56}.AppStore|ARM.Deploy.0 = Release|Any CPU
		{C46DD230-EFC1-43F0-B7BB-0E39495AFE56}.AppStore|iPhone.ActiveCfg = Release|Any CPU
		{C46DD230-EFC1-43F0-B7BB-0E39495AFE56}.AppStore|iPhone.Build.0 = Release|Any CPU
		{C46DD230-EFC1-43F0-B7BB-0E39495AFE56}.AppStore|iPhone.Deploy.0 = Release|Any CPU
		{C46DD230-EFC1-43F0-B7BB-0E39495AFE56}.AppStore|iPhoneSimulator.ActiveCfg = Release|Any CPU
		{C46DD230-EFC1-43F0-B7BB-0E39495AFE56}.AppStore|iPhoneSimulator.Build.0 = Release|Any CPU
		{C46DD230-EFC1-43F0-B7BB-0E39495AFE56}.AppStore|iPhoneSimulator.Deploy.0 = Release|Any CPU
		{C46DD230-EFC1-43F0-B7BB-0E39495AFE56}.AppStore|x64.ActiveCfg = Release|Any CPU
		{C46DD230-EFC1-43F0-B7BB-0E39495AFE56}.AppStore|x64.Build.0 = Release|Any CPU
		{C46DD230-EFC1-43F0-B7BB-0E39495AFE56}.AppStore|x64.Deploy.0 = Release|Any CPU
		{C46DD230-EFC1-43F0-B7BB-0E39495AFE56}.AppStore|x86.ActiveCfg = Release|Any CPU
		{C46DD230-EFC1-43F0-B7BB-0E39495AFE56}.AppStore|x86.Build.0 = Release|Any CPU
		{C46DD230-EFC1-43F0-B7BB-0E39495AFE56}.AppStore|x86.Deploy.0 = Release|Any CPU
		{C46DD230-EFC1-43F0-B7BB-0E39495AFE56}.Debug|Any CPU.ActiveCfg = Debug|Any CPU
		{C46DD230-EFC1-43F0-B7BB-0E39495AFE56}.Debug|Any CPU.Build.0 = Debug|Any CPU
		{C46DD230-EFC1-43F0-B7BB-0E39495AFE56}.Debug|Any CPU.Deploy.0 = Debug|Any CPU
		{C46DD230-EFC1-43F0-B7BB-0E39495AFE56}.Debug|ARM.ActiveCfg = Debug|Any CPU
		{C46DD230-EFC1-43F0-B7BB-0E39495AFE56}.Debug|ARM.Build.0 = Debug|Any CPU
		{C46DD230-EFC1-43F0-B7BB-0E39495AFE56}.Debug|ARM.Deploy.0 = Debug|Any CPU
		{C46DD230-EFC1-43F0-B7BB-0E39495AFE56}.Debug|iPhone.ActiveCfg = Debug|Any CPU
		{C46DD230-EFC1-43F0-B7BB-0E39495AFE56}.Debug|iPhone.Build.0 = Debug|Any CPU
		{C46DD230-EFC1-43F0-B7BB-0E39495AFE56}.Debug|iPhone.Deploy.0 = Debug|Any CPU
		{C46DD230-EFC1-43F0-B7BB-0E39495AFE56}.Debug|iPhoneSimulator.ActiveCfg = Debug|Any CPU
		{C46DD230-EFC1-43F0-B7BB-0E39495AFE56}.Debug|iPhoneSimulator.Build.0 = Debug|Any CPU
		{C46DD230-EFC1-43F0-B7BB-0E39495AFE56}.Debug|iPhoneSimulator.Deploy.0 = Debug|Any CPU
		{C46DD230-EFC1-43F0-B7BB-0E39495AFE56}.Debug|x64.ActiveCfg = Debug|Any CPU
		{C46DD230-EFC1-43F0-B7BB-0E39495AFE56}.Debug|x64.Build.0 = Debug|Any CPU
		{C46DD230-EFC1-43F0-B7BB-0E39495AFE56}.Debug|x64.Deploy.0 = Debug|Any CPU
		{C46DD230-EFC1-43F0-B7BB-0E39495AFE56}.Debug|x86.ActiveCfg = Debug|Any CPU
		{C46DD230-EFC1-43F0-B7BB-0E39495AFE56}.Debug|x86.Build.0 = Debug|Any CPU
		{C46DD230-EFC1-43F0-B7BB-0E39495AFE56}.Debug|x86.Deploy.0 = Debug|Any CPU
		{C46DD230-EFC1-43F0-B7BB-0E39495AFE56}.Release|Any CPU.ActiveCfg = Release|Any CPU
		{C46DD230-EFC1-43F0-B7BB-0E39495AFE56}.Release|Any CPU.Build.0 = Release|Any CPU
		{C46DD230-EFC1-43F0-B7BB-0E39495AFE56}.Release|Any CPU.Deploy.0 = Release|Any CPU
		{C46DD230-EFC1-43F0-B7BB-0E39495AFE56}.Release|ARM.ActiveCfg = Release|Any CPU
		{C46DD230-EFC1-43F0-B7BB-0E39495AFE56}.Release|ARM.Build.0 = Release|Any CPU
		{C46DD230-EFC1-43F0-B7BB-0E39495AFE56}.Release|ARM.Deploy.0 = Release|Any CPU
		{C46DD230-EFC1-43F0-B7BB-0E39495AFE56}.Release|iPhone.ActiveCfg = Release|Any CPU
		{C46DD230-EFC1-43F0-B7BB-0E39495AFE56}.Release|iPhone.Build.0 = Release|Any CPU
		{C46DD230-EFC1-43F0-B7BB-0E39495AFE56}.Release|iPhone.Deploy.0 = Release|Any CPU
		{C46DD230-EFC1-43F0-B7BB-0E39495AFE56}.Release|iPhoneSimulator.ActiveCfg = Release|Any CPU
		{C46DD230-EFC1-43F0-B7BB-0E39495AFE56}.Release|iPhoneSimulator.Build.0 = Release|Any CPU
		{C46DD230-EFC1-43F0-B7BB-0E39495AFE56}.Release|iPhoneSimulator.Deploy.0 = Release|Any CPU
		{C46DD230-EFC1-43F0-B7BB-0E39495AFE56}.Release|x64.ActiveCfg = Release|Any CPU
		{C46DD230-EFC1-43F0-B7BB-0E39495AFE56}.Release|x64.Build.0 = Release|Any CPU
		{C46DD230-EFC1-43F0-B7BB-0E39495AFE56}.Release|x64.Deploy.0 = Release|Any CPU
		{C46DD230-EFC1-43F0-B7BB-0E39495AFE56}.Release|x86.ActiveCfg = Release|Any CPU
		{C46DD230-EFC1-43F0-B7BB-0E39495AFE56}.Release|x86.Build.0 = Release|Any CPU
		{C46DD230-EFC1-43F0-B7BB-0E39495AFE56}.Release|x86.Deploy.0 = Release|Any CPU
		{AC9401CB-9A7C-4F9E-98A3-10FFC6EA15D7}.Ad-Hoc|Any CPU.ActiveCfg = Ad-Hoc|iPhone
		{AC9401CB-9A7C-4F9E-98A3-10FFC6EA15D7}.Ad-Hoc|ARM.ActiveCfg = Ad-Hoc|iPhone
		{AC9401CB-9A7C-4F9E-98A3-10FFC6EA15D7}.Ad-Hoc|iPhone.ActiveCfg = Ad-Hoc|iPhone
		{AC9401CB-9A7C-4F9E-98A3-10FFC6EA15D7}.Ad-Hoc|iPhone.Build.0 = Ad-Hoc|iPhone
		{AC9401CB-9A7C-4F9E-98A3-10FFC6EA15D7}.Ad-Hoc|iPhoneSimulator.ActiveCfg = Ad-Hoc|iPhoneSimulator
		{AC9401CB-9A7C-4F9E-98A3-10FFC6EA15D7}.Ad-Hoc|iPhoneSimulator.Build.0 = Ad-Hoc|iPhoneSimulator
		{AC9401CB-9A7C-4F9E-98A3-10FFC6EA15D7}.Ad-Hoc|x64.ActiveCfg = Ad-Hoc|iPhone
		{AC9401CB-9A7C-4F9E-98A3-10FFC6EA15D7}.Ad-Hoc|x86.ActiveCfg = Ad-Hoc|iPhone
		{AC9401CB-9A7C-4F9E-98A3-10FFC6EA15D7}.AppStore|Any CPU.ActiveCfg = AppStore|iPhone
		{AC9401CB-9A7C-4F9E-98A3-10FFC6EA15D7}.AppStore|ARM.ActiveCfg = AppStore|iPhone
		{AC9401CB-9A7C-4F9E-98A3-10FFC6EA15D7}.AppStore|iPhone.ActiveCfg = AppStore|iPhone
		{AC9401CB-9A7C-4F9E-98A3-10FFC6EA15D7}.AppStore|iPhone.Build.0 = AppStore|iPhone
		{AC9401CB-9A7C-4F9E-98A3-10FFC6EA15D7}.AppStore|iPhoneSimulator.ActiveCfg = AppStore|iPhoneSimulator
		{AC9401CB-9A7C-4F9E-98A3-10FFC6EA15D7}.AppStore|iPhoneSimulator.Build.0 = AppStore|iPhoneSimulator
		{AC9401CB-9A7C-4F9E-98A3-10FFC6EA15D7}.AppStore|x64.ActiveCfg = AppStore|iPhone
		{AC9401CB-9A7C-4F9E-98A3-10FFC6EA15D7}.AppStore|x86.ActiveCfg = AppStore|iPhone
		{AC9401CB-9A7C-4F9E-98A3-10FFC6EA15D7}.Debug|Any CPU.ActiveCfg = Debug|iPhone
		{AC9401CB-9A7C-4F9E-98A3-10FFC6EA15D7}.Debug|ARM.ActiveCfg = Debug|iPhone
		{AC9401CB-9A7C-4F9E-98A3-10FFC6EA15D7}.Debug|iPhone.ActiveCfg = Debug|iPhone
		{AC9401CB-9A7C-4F9E-98A3-10FFC6EA15D7}.Debug|iPhone.Build.0 = Debug|iPhone
		{AC9401CB-9A7C-4F9E-98A3-10FFC6EA15D7}.Debug|iPhoneSimulator.ActiveCfg = Debug|iPhoneSimulator
		{AC9401CB-9A7C-4F9E-98A3-10FFC6EA15D7}.Debug|iPhoneSimulator.Build.0 = Debug|iPhoneSimulator
		{AC9401CB-9A7C-4F9E-98A3-10FFC6EA15D7}.Debug|x64.ActiveCfg = Debug|iPhone
		{AC9401CB-9A7C-4F9E-98A3-10FFC6EA15D7}.Debug|x86.ActiveCfg = Debug|iPhone
		{AC9401CB-9A7C-4F9E-98A3-10FFC6EA15D7}.Release|Any CPU.ActiveCfg = Release|iPhone
		{AC9401CB-9A7C-4F9E-98A3-10FFC6EA15D7}.Release|ARM.ActiveCfg = Release|iPhone
		{AC9401CB-9A7C-4F9E-98A3-10FFC6EA15D7}.Release|iPhone.ActiveCfg = Release|iPhone
		{AC9401CB-9A7C-4F9E-98A3-10FFC6EA15D7}.Release|iPhone.Build.0 = Release|iPhone
		{AC9401CB-9A7C-4F9E-98A3-10FFC6EA15D7}.Release|iPhoneSimulator.ActiveCfg = Release|iPhoneSimulator
		{AC9401CB-9A7C-4F9E-98A3-10FFC6EA15D7}.Release|iPhoneSimulator.Build.0 = Release|iPhoneSimulator
		{AC9401CB-9A7C-4F9E-98A3-10FFC6EA15D7}.Release|x64.ActiveCfg = Release|iPhone
		{AC9401CB-9A7C-4F9E-98A3-10FFC6EA15D7}.Release|x86.ActiveCfg = Release|iPhone
		{4D3069F0-7208-4129-96A6-17A0FFCEFA0B}.Ad-Hoc|Any CPU.ActiveCfg = Release|x86
		{4D3069F0-7208-4129-96A6-17A0FFCEFA0B}.Ad-Hoc|Any CPU.Build.0 = Release|x86
		{4D3069F0-7208-4129-96A6-17A0FFCEFA0B}.Ad-Hoc|Any CPU.Deploy.0 = Release|x86
		{4D3069F0-7208-4129-96A6-17A0FFCEFA0B}.Ad-Hoc|ARM.ActiveCfg = Release|ARM
		{4D3069F0-7208-4129-96A6-17A0FFCEFA0B}.Ad-Hoc|ARM.Build.0 = Release|ARM
		{4D3069F0-7208-4129-96A6-17A0FFCEFA0B}.Ad-Hoc|ARM.Deploy.0 = Release|ARM
		{4D3069F0-7208-4129-96A6-17A0FFCEFA0B}.Ad-Hoc|iPhone.ActiveCfg = Release|x86
		{4D3069F0-7208-4129-96A6-17A0FFCEFA0B}.Ad-Hoc|iPhone.Build.0 = Release|x86
		{4D3069F0-7208-4129-96A6-17A0FFCEFA0B}.Ad-Hoc|iPhone.Deploy.0 = Release|x86
		{4D3069F0-7208-4129-96A6-17A0FFCEFA0B}.Ad-Hoc|iPhoneSimulator.ActiveCfg = Release|x86
		{4D3069F0-7208-4129-96A6-17A0FFCEFA0B}.Ad-Hoc|iPhoneSimulator.Build.0 = Release|x86
		{4D3069F0-7208-4129-96A6-17A0FFCEFA0B}.Ad-Hoc|iPhoneSimulator.Deploy.0 = Release|x86
		{4D3069F0-7208-4129-96A6-17A0FFCEFA0B}.Ad-Hoc|x64.ActiveCfg = Release|x64
		{4D3069F0-7208-4129-96A6-17A0FFCEFA0B}.Ad-Hoc|x64.Build.0 = Release|x64
		{4D3069F0-7208-4129-96A6-17A0FFCEFA0B}.Ad-Hoc|x64.Deploy.0 = Release|x64
		{4D3069F0-7208-4129-96A6-17A0FFCEFA0B}.Ad-Hoc|x86.ActiveCfg = Release|x86
		{4D3069F0-7208-4129-96A6-17A0FFCEFA0B}.Ad-Hoc|x86.Build.0 = Release|x86
		{4D3069F0-7208-4129-96A6-17A0FFCEFA0B}.Ad-Hoc|x86.Deploy.0 = Release|x86
		{4D3069F0-7208-4129-96A6-17A0FFCEFA0B}.AppStore|Any CPU.ActiveCfg = Release|x86
		{4D3069F0-7208-4129-96A6-17A0FFCEFA0B}.AppStore|Any CPU.Build.0 = Release|x86
		{4D3069F0-7208-4129-96A6-17A0FFCEFA0B}.AppStore|Any CPU.Deploy.0 = Release|x86
		{4D3069F0-7208-4129-96A6-17A0FFCEFA0B}.AppStore|ARM.ActiveCfg = Release|ARM
		{4D3069F0-7208-4129-96A6-17A0FFCEFA0B}.AppStore|ARM.Build.0 = Release|ARM
		{4D3069F0-7208-4129-96A6-17A0FFCEFA0B}.AppStore|ARM.Deploy.0 = Release|ARM
		{4D3069F0-7208-4129-96A6-17A0FFCEFA0B}.AppStore|iPhone.ActiveCfg = Release|x86
		{4D3069F0-7208-4129-96A6-17A0FFCEFA0B}.AppStore|iPhone.Build.0 = Release|x86
		{4D3069F0-7208-4129-96A6-17A0FFCEFA0B}.AppStore|iPhone.Deploy.0 = Release|x86
		{4D3069F0-7208-4129-96A6-17A0FFCEFA0B}.AppStore|iPhoneSimulator.ActiveCfg = Release|x86
		{4D3069F0-7208-4129-96A6-17A0FFCEFA0B}.AppStore|iPhoneSimulator.Build.0 = Release|x86
		{4D3069F0-7208-4129-96A6-17A0FFCEFA0B}.AppStore|iPhoneSimulator.Deploy.0 = Release|x86
		{4D3069F0-7208-4129-96A6-17A0FFCEFA0B}.AppStore|x64.ActiveCfg = Release|x64
		{4D3069F0-7208-4129-96A6-17A0FFCEFA0B}.AppStore|x64.Build.0 = Release|x64
		{4D3069F0-7208-4129-96A6-17A0FFCEFA0B}.AppStore|x64.Deploy.0 = Release|x64
		{4D3069F0-7208-4129-96A6-17A0FFCEFA0B}.AppStore|x86.ActiveCfg = Release|x86
		{4D3069F0-7208-4129-96A6-17A0FFCEFA0B}.AppStore|x86.Build.0 = Release|x86
		{4D3069F0-7208-4129-96A6-17A0FFCEFA0B}.AppStore|x86.Deploy.0 = Release|x86
		{4D3069F0-7208-4129-96A6-17A0FFCEFA0B}.Debug|Any CPU.ActiveCfg = Debug|x86
		{4D3069F0-7208-4129-96A6-17A0FFCEFA0B}.Debug|ARM.ActiveCfg = Debug|ARM
		{4D3069F0-7208-4129-96A6-17A0FFCEFA0B}.Debug|ARM.Build.0 = Debug|ARM
		{4D3069F0-7208-4129-96A6-17A0FFCEFA0B}.Debug|ARM.Deploy.0 = Debug|ARM
		{4D3069F0-7208-4129-96A6-17A0FFCEFA0B}.Debug|iPhone.ActiveCfg = Debug|x86
		{4D3069F0-7208-4129-96A6-17A0FFCEFA0B}.Debug|iPhoneSimulator.ActiveCfg = Debug|x86
		{4D3069F0-7208-4129-96A6-17A0FFCEFA0B}.Debug|x64.ActiveCfg = Debug|x64
		{4D3069F0-7208-4129-96A6-17A0FFCEFA0B}.Debug|x64.Build.0 = Debug|x64
		{4D3069F0-7208-4129-96A6-17A0FFCEFA0B}.Debug|x64.Deploy.0 = Debug|x64
		{4D3069F0-7208-4129-96A6-17A0FFCEFA0B}.Debug|x86.ActiveCfg = Debug|x86
		{4D3069F0-7208-4129-96A6-17A0FFCEFA0B}.Debug|x86.Build.0 = Debug|x86
		{4D3069F0-7208-4129-96A6-17A0FFCEFA0B}.Debug|x86.Deploy.0 = Debug|x86
		{4D3069F0-7208-4129-96A6-17A0FFCEFA0B}.Release|Any CPU.ActiveCfg = Release|x86
		{4D3069F0-7208-4129-96A6-17A0FFCEFA0B}.Release|ARM.ActiveCfg = Release|ARM
		{4D3069F0-7208-4129-96A6-17A0FFCEFA0B}.Release|ARM.Build.0 = Release|ARM
		{4D3069F0-7208-4129-96A6-17A0FFCEFA0B}.Release|ARM.Deploy.0 = Release|ARM
		{4D3069F0-7208-4129-96A6-17A0FFCEFA0B}.Release|iPhone.ActiveCfg = Release|x86
		{4D3069F0-7208-4129-96A6-17A0FFCEFA0B}.Release|iPhoneSimulator.ActiveCfg = Release|x86
		{4D3069F0-7208-4129-96A6-17A0FFCEFA0B}.Release|x64.ActiveCfg = Release|x64
		{4D3069F0-7208-4129-96A6-17A0FFCEFA0B}.Release|x64.Build.0 = Release|x64
		{4D3069F0-7208-4129-96A6-17A0FFCEFA0B}.Release|x64.Deploy.0 = Release|x64
		{4D3069F0-7208-4129-96A6-17A0FFCEFA0B}.Release|x86.ActiveCfg = Release|x86
		{4D3069F0-7208-4129-96A6-17A0FFCEFA0B}.Release|x86.Build.0 = Release|x86
		{4D3069F0-7208-4129-96A6-17A0FFCEFA0B}.Release|x86.Deploy.0 = Release|x86
		{B94BBAC5-9AF4-4BE9-B078-06B4878E3A0F}.Ad-Hoc|Any CPU.ActiveCfg = Debug|Any CPU
		{B94BBAC5-9AF4-4BE9-B078-06B4878E3A0F}.Ad-Hoc|Any CPU.Build.0 = Debug|Any CPU
		{B94BBAC5-9AF4-4BE9-B078-06B4878E3A0F}.Ad-Hoc|ARM.ActiveCfg = Debug|Any CPU
		{B94BBAC5-9AF4-4BE9-B078-06B4878E3A0F}.Ad-Hoc|ARM.Build.0 = Debug|Any CPU
		{B94BBAC5-9AF4-4BE9-B078-06B4878E3A0F}.Ad-Hoc|iPhone.ActiveCfg = Debug|Any CPU
		{B94BBAC5-9AF4-4BE9-B078-06B4878E3A0F}.Ad-Hoc|iPhone.Build.0 = Debug|Any CPU
		{B94BBAC5-9AF4-4BE9-B078-06B4878E3A0F}.Ad-Hoc|iPhoneSimulator.ActiveCfg = Debug|Any CPU
		{B94BBAC5-9AF4-4BE9-B078-06B4878E3A0F}.Ad-Hoc|iPhoneSimulator.Build.0 = Debug|Any CPU
		{B94BBAC5-9AF4-4BE9-B078-06B4878E3A0F}.Ad-Hoc|x64.ActiveCfg = Debug|Any CPU
		{B94BBAC5-9AF4-4BE9-B078-06B4878E3A0F}.Ad-Hoc|x64.Build.0 = Debug|Any CPU
		{B94BBAC5-9AF4-4BE9-B078-06B4878E3A0F}.Ad-Hoc|x86.ActiveCfg = Debug|Any CPU
		{B94BBAC5-9AF4-4BE9-B078-06B4878E3A0F}.Ad-Hoc|x86.Build.0 = Debug|Any CPU
		{B94BBAC5-9AF4-4BE9-B078-06B4878E3A0F}.AppStore|Any CPU.ActiveCfg = Debug|Any CPU
		{B94BBAC5-9AF4-4BE9-B078-06B4878E3A0F}.AppStore|Any CPU.Build.0 = Debug|Any CPU
		{B94BBAC5-9AF4-4BE9-B078-06B4878E3A0F}.AppStore|ARM.ActiveCfg = Debug|Any CPU
		{B94BBAC5-9AF4-4BE9-B078-06B4878E3A0F}.AppStore|ARM.Build.0 = Debug|Any CPU
		{B94BBAC5-9AF4-4BE9-B078-06B4878E3A0F}.AppStore|iPhone.ActiveCfg = Debug|Any CPU
		{B94BBAC5-9AF4-4BE9-B078-06B4878E3A0F}.AppStore|iPhone.Build.0 = Debug|Any CPU
		{B94BBAC5-9AF4-4BE9-B078-06B4878E3A0F}.AppStore|iPhoneSimulator.ActiveCfg = Debug|Any CPU
		{B94BBAC5-9AF4-4BE9-B078-06B4878E3A0F}.AppStore|iPhoneSimulator.Build.0 = Debug|Any CPU
		{B94BBAC5-9AF4-4BE9-B078-06B4878E3A0F}.AppStore|x64.ActiveCfg = Debug|Any CPU
		{B94BBAC5-9AF4-4BE9-B078-06B4878E3A0F}.AppStore|x64.Build.0 = Debug|Any CPU
		{B94BBAC5-9AF4-4BE9-B078-06B4878E3A0F}.AppStore|x86.ActiveCfg = Debug|Any CPU
		{B94BBAC5-9AF4-4BE9-B078-06B4878E3A0F}.AppStore|x86.Build.0 = Debug|Any CPU
		{B94BBAC5-9AF4-4BE9-B078-06B4878E3A0F}.Debug|Any CPU.ActiveCfg = Debug|Any CPU
		{B94BBAC5-9AF4-4BE9-B078-06B4878E3A0F}.Debug|Any CPU.Build.0 = Debug|Any CPU
		{B94BBAC5-9AF4-4BE9-B078-06B4878E3A0F}.Debug|ARM.ActiveCfg = Debug|Any CPU
		{B94BBAC5-9AF4-4BE9-B078-06B4878E3A0F}.Debug|ARM.Build.0 = Debug|Any CPU
		{B94BBAC5-9AF4-4BE9-B078-06B4878E3A0F}.Debug|iPhone.ActiveCfg = Debug|Any CPU
		{B94BBAC5-9AF4-4BE9-B078-06B4878E3A0F}.Debug|iPhone.Build.0 = Debug|Any CPU
		{B94BBAC5-9AF4-4BE9-B078-06B4878E3A0F}.Debug|iPhoneSimulator.ActiveCfg = Debug|Any CPU
		{B94BBAC5-9AF4-4BE9-B078-06B4878E3A0F}.Debug|iPhoneSimulator.Build.0 = Debug|Any CPU
		{B94BBAC5-9AF4-4BE9-B078-06B4878E3A0F}.Debug|x64.ActiveCfg = Debug|Any CPU
		{B94BBAC5-9AF4-4BE9-B078-06B4878E3A0F}.Debug|x64.Build.0 = Debug|Any CPU
		{B94BBAC5-9AF4-4BE9-B078-06B4878E3A0F}.Debug|x86.ActiveCfg = Debug|Any CPU
		{B94BBAC5-9AF4-4BE9-B078-06B4878E3A0F}.Debug|x86.Build.0 = Debug|Any CPU
		{B94BBAC5-9AF4-4BE9-B078-06B4878E3A0F}.Release|Any CPU.ActiveCfg = Release|Any CPU
		{B94BBAC5-9AF4-4BE9-B078-06B4878E3A0F}.Release|Any CPU.Build.0 = Release|Any CPU
		{B94BBAC5-9AF4-4BE9-B078-06B4878E3A0F}.Release|ARM.ActiveCfg = Release|Any CPU
		{B94BBAC5-9AF4-4BE9-B078-06B4878E3A0F}.Release|ARM.Build.0 = Release|Any CPU
		{B94BBAC5-9AF4-4BE9-B078-06B4878E3A0F}.Release|iPhone.ActiveCfg = Release|Any CPU
		{B94BBAC5-9AF4-4BE9-B078-06B4878E3A0F}.Release|iPhone.Build.0 = Release|Any CPU
		{B94BBAC5-9AF4-4BE9-B078-06B4878E3A0F}.Release|iPhoneSimulator.ActiveCfg = Release|Any CPU
		{B94BBAC5-9AF4-4BE9-B078-06B4878E3A0F}.Release|iPhoneSimulator.Build.0 = Release|Any CPU
		{B94BBAC5-9AF4-4BE9-B078-06B4878E3A0F}.Release|x64.ActiveCfg = Release|Any CPU
		{B94BBAC5-9AF4-4BE9-B078-06B4878E3A0F}.Release|x64.Build.0 = Release|Any CPU
		{B94BBAC5-9AF4-4BE9-B078-06B4878E3A0F}.Release|x86.ActiveCfg = Release|Any CPU
		{B94BBAC5-9AF4-4BE9-B078-06B4878E3A0F}.Release|x86.Build.0 = Release|Any CPU
	EndGlobalSection
	GlobalSection(SolutionProperties) = preSolution
		HideSolutionNode = FALSE
	EndGlobalSection
	GlobalSection(ExtensibilityGlobals) = postSolution
		SolutionGuid = {F3375692-68B1-49D8-87BC-44C90E4A1BA4}
	EndGlobalSection
EndGlobal
